<?xml version="1.0" encoding="utf-8"?>
<Project ToolsVersion="4.0" xmlns="http://schemas.microsoft.com/developer/msbuild/2003">
  <ItemGroup>
    <ClCompile Include="src\anthropic\client.cpp">
      <Filter>Sources</Filter>
    </ClCompile>
    <ClCompile Include="src\anthropic\types\content_block.cpp">
      <Filter>Sources</Filter>
    </ClCompile>
    <ClCompile Include="src\anthropic\utils\env.cpp">
      <Filter>Sources</Filter>
    </ClCompile>
    <ClCompile Include="src\anthropic\utils\json_utils.cpp">
      <Filter>Sources</Filter>
    </ClCompile>
    <ClCompile Include="src\anthropic\resources\messages.cpp">
      <Filter>Sources</Filter>
    </ClCompile>
    <ClCompile Include="src\anthropic\http\sse_parser.cpp">
      <Filter>Sources</Filter>
    </ClCompile>
    <ClCompile Include="src\anthropic\http\winhttp_client.cpp">
      <Filter>Sources</Filter>
    </ClCompile>
    <ClCompile Include="src\anthropic\utils\retry_logic.cpp">
      <Filter>Sources</Filter>
    </ClCompile>
  </ItemGroup>
  <ItemGroup>
    <ClInclude Include="include\anthropic\client.hpp">
      <Filter>Headers</Filter>
    </ClInclude>
    <ClInclude Include="include\anthropic\types\content_block.hpp">
      <Filter>Headers</Filter>
    </ClInclude>
    <ClInclude Include="include\anthropic\utils\env.hpp">
      <Filter>Headers</Filter>
    </ClInclude>
    <ClInclude Include="include\anthropic\types\errors.hpp">
      <Filter>Headers</Filter>
    </ClInclude>
    <ClInclude Include="include\anthropic\http\http_client.hpp">
      <Filter>Headers</Filter>
    </ClInclude>
    <ClInclude Include="include\anthropic\utils\json_utils.hpp">
      <Filter>Headers</Filter>
    </ClInclude>
    <ClInclude Include="include\anthropic\types\message.hpp">
      <Filter>Headers</Filter>
    </ClInclude>
    <ClInclude Include="include\anthropic\resources\messages.hpp">
      <Filter>Headers</Filter>
    </ClInclude>
    <ClInclude Include="include\anthropic\utils\retry_logic.hpp">
      <Filter>Headers</Filter>
    </ClInclude>
    <ClInclude Include="include\anthropic\http\sse_parser.hpp">
      <Filter>Headers</Filter>
    </ClInclude>
    <ClInclude Include="include\anthropic\types\stop_reason.hpp">
      <Filter>Headers</Filter>
    </ClInclude>
    <ClInclude Include="include\anthropic\types\usage.hpp">
      <Filter>Headers</Filter>
    </ClInclude>
    <ClInclude Include="include\anthropic\http\winhttp_client.hpp">
      <Filter>Headers</Filter>
    </ClInclude>
  </ItemGroup>
  <ItemGroup>
    <Filter Include="Sources">
      <UniqueIdentifier>{da7e1d64-0fb0-448d-9258-ae1e723628d7}</UniqueIdentifier>
    </Filter>
    <Filter Include="Headers">
      <UniqueIdentifier>{bb9ecca5-f053-4d5f-8355-16a5dbc007a4}</UniqueIdentifier>
    </Filter>
  </ItemGroup>
</Project>